
Microsoft Visual Studio Solution File, Format Version 12.00
# Visual Studio Version 17
VisualStudioVersion = 17.1.32104.313
MinimumVisualStudioVersion = 10.0.40219.1
Project("{FAE04EC0-301F-11D3-BF4B-00C04F79EFBC}") = "App1.UWP", "App1\App1.UWP\App1.UWP.csproj", "{DF72302F-E1FF-4097-9A4A-E1D219D9DA2F}"
EndProject
Project("{FAE04EC0-301F-11D3-BF4B-00C04F79EFBC}") = "App1.Android", "App1\App1.Android\App1.Android.csproj", "{AA7297DD-F11C-47DA-AD31-ADE245E69263}"
EndProject
Project("{FAE04EC0-301F-11D3-BF4B-00C04F79EFBC}") = "App1.iOS", "App1\App1.iOS\App1.iOS.csproj", "{9AC4869B-205C-4E64-8E4B-776FD479260D}"
EndProject
Project("{FAE04EC0-301F-11D3-BF4B-00C04F79EFBC}") = "App1", "App1\App1\App1.csproj", "{3E951BB1-0660-47D0-B810-B32696DE8824}"
EndProject
Global
	GlobalSection(SolutionConfigurationPlatforms) = preSolution
		Debug|Any CPU = Debug|Any CPU
		Debug|ARM = Debug|ARM
		Debug|iPhone = Debug|iPhone
		Debug|iPhoneSimulator = Debug|iPhoneSimulator
		Debug|x64 = Debug|x64
		Debug|x86 = Debug|x86
		Release|Any CPU = Release|Any CPU
		Release|ARM = Release|ARM
		Release|iPhone = Release|iPhone
		Release|iPhoneSimulator = Release|iPhoneSimulator
		Release|x64 = Release|x64
		Release|x86 = Release|x86
	EndGlobalSection
	GlobalSection(ProjectConfigurationPlatforms) = postSolution
		{DF72302F-E1FF-4097-9A4A-E1D219D9DA2F}.Debug|Any CPU.ActiveCfg = Debug|x64
		{DF72302F-E1FF-4097-9A4A-E1D219D9DA2F}.Debug|Any CPU.Build.0 = Debug|x64
		{DF72302F-E1FF-4097-9A4A-E1D219D9DA2F}.Debug|Any CPU.Deploy.0 = Debug|x64
		{DF72302F-E1FF-4097-9A4A-E1D219D9DA2F}.Debug|ARM.ActiveCfg = Debug|ARM
		{DF72302F-E1FF-4097-9A4A-E1D219D9DA2F}.Debug|ARM.Build.0 = Debug|ARM
		{DF72302F-E1FF-4097-9A4A-E1D219D9DA2F}.Debug|ARM.Deploy.0 = Debug|ARM
		{DF72302F-E1FF-4097-9A4A-E1D219D9DA2F}.Debug|iPhone.ActiveCfg = Debug|x64
		{DF72302F-E1FF-4097-9A4A-E1D219D9DA2F}.Debug|iPhone.Build.0 = Debug|x64
		{DF72302F-E1FF-4097-9A4A-E1D219D9DA2F}.Debug|iPhone.Deploy.0 = Debug|x64
		{DF72302F-E1FF-4097-9A4A-E1D219D9DA2F}.Debug|iPhoneSimulator.ActiveCfg = Debug|x64
		{DF72302F-E1FF-4097-9A4A-E1D219D9DA2F}.Debug|iPhoneSimulator.Build.0 = Debug|x64
		{DF72302F-E1FF-4097-9A4A-E1D219D9DA2F}.Debug|iPhoneSimulator.Deploy.0 = Debug|x64
		{DF72302F-E1FF-4097-9A4A-E1D219D9DA2F}.Debug|x64.ActiveCfg = Debug|x64
		{DF72302F-E1FF-4097-9A4A-E1D219D9DA2F}.Debug|x64.Build.0 = Debug|x64
		{DF72302F-E1FF-4097-9A4A-E1D219D9DA2F}.Debug|x64.Deploy.0 = Debug|x64
		{DF72302F-E1FF-4097-9A4A-E1D219D9DA2F}.Debug|x86.ActiveCfg = Debug|x86
		{DF72302F-E1FF-4097-9A4A-E1D219D9DA2F}.Debug|x86.Build.0 = Debug|x86
		{DF72302F-E1FF-4097-9A4A-E1D219D9DA2F}.Debug|x86.Deploy.0 = Debug|x86
		{DF72302F-E1FF-4097-9A4A-E1D219D9DA2F}.Release|Any CPU.ActiveCfg = Release|x64
		{DF72302F-E1FF-4097-9A4A-E1D219D9DA2F}.Release|Any CPU.Build.0 = Release|x64
		{DF72302F-E1FF-4097-9A4A-E1D219D9DA2F}.Release|Any CPU.Deploy.0 = Release|x64
		{DF72302F-E1FF-4097-9A4A-E1D219D9DA2F}.Release|ARM.ActiveCfg = Release|ARM
		{DF72302F-E1FF-4097-9A4A-E1D219D9DA2F}.Release|ARM.Build.0 = Release|ARM
		{DF72302F-E1FF-4097-9A4A-E1D219D9DA2F}.Release|ARM.Deploy.0 = Release|ARM
		{DF72302F-E1FF-4097-9A4A-E1D219D9DA2F}.Release|iPhone.ActiveCfg = Release|x64
		{DF72302F-E1FF-4097-9A4A-E1D219D9DA2F}.Release|iPhone.Build.0 = Release|x64
		{DF72302F-E1FF-4097-9A4A-E1D219D9DA2F}.Release|iPhone.Deploy.0 = Release|x64
		{DF72302F-E1FF-4097-9A4A-E1D219D9DA2F}.Release|iPhoneSimulator.ActiveCfg = Release|x64
		{DF72302F-E1FF-4097-9A4A-E1D219D9DA2F}.Release|iPhoneSimulator.Build.0 = Release|x64
		{DF72302F-E1FF-4097-9A4A-E1D219D9DA2F}.Release|iPhoneSimulator.Deploy.0 = Release|x64
		{DF72302F-E1FF-4097-9A4A-E1D219D9DA2F}.Release|x64.ActiveCfg = Release|x64
		{DF72302F-E1FF-4097-9A4A-E1D219D9DA2F}.Release|x64.Build.0 = Release|x64
		{DF72302F-E1FF-4097-9A4A-E1D219D9DA2F}.Release|x64.Deploy.0 = Release|x64
		{DF72302F-E1FF-4097-9A4A-E1D219D9DA2F}.Release|x86.ActiveCfg = Release|x86
		{DF72302F-E1FF-4097-9A4A-E1D219D9DA2F}.Release|x86.Build.0 = Release|x86
		{DF72302F-E1FF-4097-9A4A-E1D219D9DA2F}.Release|x86.Deploy.0 = Release|x86
		{AA7297DD-F11C-47DA-AD31-ADE245E69263}.Debug|Any CPU.ActiveCfg = Debug|Any CPU
		{AA7297DD-F11C-47DA-AD31-ADE245E69263}.Debug|Any CPU.Build.0 = Debug|Any CPU
		{AA7297DD-F11C-47DA-AD31-ADE245E69263}.Debug|Any CPU.Deploy.0 = Debug|Any CPU
		{AA7297DD-F11C-47DA-AD31-ADE245E69263}.Debug|ARM.ActiveCfg = Debug|Any CPU
		{AA7297DD-F11C-47DA-AD31-ADE245E69263}.Debug|ARM.Build.0 = Debug|Any CPU
		{AA7297DD-F11C-47DA-AD31-ADE245E69263}.Debug|ARM.Deploy.0 = Debug|Any CPU
		{AA7297DD-F11C-47DA-AD31-ADE245E69263}.Debug|iPhone.ActiveCfg = Debug|Any CPU
		{AA7297DD-F11C-47DA-AD31-ADE245E69263}.Debug|iPhone.Build.0 = Debug|Any CPU
		{AA7297DD-F11C-47DA-AD31-ADE245E69263}.Debug|iPhone.Deploy.0 = Debug|Any CPU
		{AA7297DD-F11C-47DA-AD31-ADE245E69263}.Debug|iPhoneSimulator.ActiveCfg = Debug|Any CPU
		{AA7297DD-F11C-47DA-AD31-ADE245E69263}.Debug|iPhoneSimulator.Build.0 = Debug|Any CPU
		{AA7297DD-F11C-47DA-AD31-ADE245E69263}.Debug|iPhoneSimulator.Deploy.0 = Debug|Any CPU
		{AA7297DD-F11C-47DA-AD31-ADE245E69263}.Debug|x64.ActiveCfg = Debug|Any CPU
		{AA7297DD-F11C-47DA-AD31-ADE245E69263}.Debug|x64.Build.0 = Debug|Any CPU
		{AA7297DD-F11C-47DA-AD31-ADE245E69263}.Debug|x64.Deploy.0 = Debug|Any CPU
		{AA7297DD-F11C-47DA-AD31-ADE245E69263}.Debug|x86.ActiveCfg = Debug|Any CPU
		{AA7297DD-F11C-47DA-AD31-ADE245E69263}.Debug|x86.Build.0 = Debug|Any CPU
		{AA7297DD-F11C-47DA-AD31-ADE245E69263}.Debug|x86.Deploy.0 = Debug|Any CPU
		{AA7297DD-F11C-47DA-AD31-ADE245E69263}.Release|Any CPU.ActiveCfg = Release|Any CPU
		{AA7297DD-F11C-47DA-AD31-ADE245E69263}.Release|Any CPU.Build.0 = Release|Any CPU
		{AA7297DD-F11C-47DA-AD31-ADE245E69263}.Release|Any CPU.Deploy.0 = Release|Any CPU
		{AA7297DD-F11C-47DA-AD31-ADE245E69263}.Release|ARM.ActiveCfg = Release|Any CPU
		{AA7297DD-F11C-47DA-AD31-ADE245E69263}.Release|ARM.Build.0 = Release|Any CPU
		{AA7297DD-F11C-47DA-AD31-ADE245E69263}.Release|ARM.Deploy.0 = Release|Any CPU
		{AA7297DD-F11C-47DA-AD31-ADE245E69263}.Release|iPhone.ActiveCfg = Release|Any CPU
		{AA7297DD-F11C-47DA-AD31-ADE245E69263}.Release|iPhone.Build.0 = Release|Any CPU
		{AA7297DD-F11C-47DA-AD31-ADE245E69263}.Release|iPhone.Deploy.0 = Release|Any CPU
		{AA7297DD-F11C-47DA-AD31-ADE245E69263}.Release|iPhoneSimulator.ActiveCfg = Release|Any CPU
		{AA7297DD-F11C-47DA-AD31-ADE245E69263}.Release|iPhoneSimulator.Build.0 = Release|Any CPU
		{AA7297DD-F11C-47DA-AD31-ADE245E69263}.Release|iPhoneSimulator.Deploy.0 = Release|Any CPU
		{AA7297DD-F11C-47DA-AD31-ADE245E69263}.Release|x64.ActiveCfg = Release|Any CPU
		{AA7297DD-F11C-47DA-AD31-ADE245E69263}.Release|x64.Build.0 = Release|Any CPU
		{AA7297DD-F11C-47DA-AD31-ADE245E69263}.Release|x64.Deploy.0 = Release|Any CPU
		{AA7297DD-F11C-47DA-AD31-ADE245E69263}.Release|x86.ActiveCfg = Release|Any CPU
		{AA7297DD-F11C-47DA-AD31-ADE245E69263}.Release|x86.Build.0 = Release|Any CPU
		{AA7297DD-F11C-47DA-AD31-ADE245E69263}.Release|x86.Deploy.0 = Release|Any CPU
		{9AC4869B-205C-4E64-8E4B-776FD479260D}.Debug|Any CPU.ActiveCfg = Debug|iPhoneSimulator
		{9AC4869B-205C-4E64-8E4B-776FD479260D}.Debug|Any CPU.Build.0 = Debug|iPhoneSimulator
		{9AC4869B-205C-4E64-8E4B-776FD479260D}.Debug|Any CPU.Deploy.0 = Debug|iPhoneSimulator
		{9AC4869B-205C-4E64-8E4B-776FD479260D}.Debug|ARM.ActiveCfg = Debug|iPhoneSimulator
		{9AC4869B-205C-4E64-8E4B-776FD479260D}.Debug|ARM.Build.0 = Debug|iPhoneSimulator
		{9AC4869B-205C-4E64-8E4B-776FD479260D}.Debug|ARM.Deploy.0 = Debug|iPhoneSimulator
		{9AC4869B-205C-4E64-8E4B-776FD479260D}.Debug|iPhone.ActiveCfg = Debug|iPhone
		{9AC4869B-205C-4E64-8E4B-776FD479260D}.Debug|iPhone.Build.0 = Debug|iPhone
		{9AC4869B-205C-4E64-8E4B-776FD479260D}.Debug|iPhone.Deploy.0 = Debug|iPhone
		{9AC4869B-205C-4E64-8E4B-776FD479260D}.Debug|iPhoneSimulator.ActiveCfg = Debug|iPhoneSimulator
		{9AC4869B-205C-4E64-8E4B-776FD479260D}.Debug|iPhoneSimulator.Build.0 = Debug|iPhoneSimulator
		{9AC4869B-205C-4E64-8E4B-776FD479260D}.Debug|iPhoneSimulator.Deploy.0 = Debug|iPhoneSimulator
		{9AC4869B-205C-4E64-8E4B-776FD479260D}.Debug|x64.ActiveCfg = Debug|iPhone
		{9AC4869B-205C-4E64-8E4B-776FD479260D}.Debug|x64.Build.0 = Debug|iPhone
		{9AC4869B-205C-4E64-8E4B-776FD479260D}.Debug|x64.Deploy.0 = Debug|iPhone
		{9AC4869B-205C-4E64-8E4B-776FD479260D}.Debug|x86.ActiveCfg = Debug|iPhoneSimulator
		{9AC4869B-205C-4E64-8E4B-776FD479260D}.Debug|x86.Build.0 = Debug|iPhoneSimulator
		{9AC4869B-205C-4E64-8E4B-776FD479260D}.Debug|x86.Deploy.0 = Debug|iPhoneSimulator
		{9AC4869B-205C-4E64-8E4B-776FD479260D}.Release|Any CPU.ActiveCfg = Release|iPhoneSimulator
		{9AC4869B-205C-4E64-8E4B-776FD479260D}.Release|Any CPU.Build.0 = Release|iPhoneSimulator
		{9AC4869B-205C-4E64-8E4B-776FD479260D}.Release|Any CPU.Deploy.0 = Release|iPhoneSimulator
		{9AC4869B-205C-4E64-8E4B-776FD479260D}.Release|ARM.ActiveCfg = Release|iPhoneSimulator
		{9AC4869B-205C-4E64-8E4B-776FD479260D}.Release|ARM.Build.0 = Release|iPhoneSimulator
		{9AC4869B-205C-4E64-8E4B-776FD479260D}.Release|ARM.Deploy.0 = Release|iPhoneSimulator
		{9AC4869B-205C-4E64-8E4B-776FD479260D}.Release|iPhone.ActiveCfg = Release|iPhone
		{9AC4869B-205C-4E64-8E4B-776FD479260D}.Release|iPhone.Build.0 = Release|iPhone
		{9AC4869B-205C-4E64-8E4B-776FD479260D}.Release|iPhone.Deploy.0 = Release|iPhone
		{9AC4869B-205C-4E64-8E4B-776FD479260D}.Release|iPhoneSimulator.ActiveCfg = Release|iPhoneSimulator
		{9AC4869B-205C-4E64-8E4B-776FD479260D}.Release|iPhoneSimulator.Build.0 = Release|iPhoneSimulator
		{9AC4869B-205C-4E64-8E4B-776FD479260D}.Release|iPhoneSimulator.Deploy.0 = Release|iPhoneSimulator
		{9AC4869B-205C-4E64-8E4B-776FD479260D}.Release|x64.ActiveCfg = Release|iPhoneSimulator
		{9AC4869B-205C-4E64-8E4B-776FD479260D}.Release|x64.Build.0 = Release|iPhoneSimulator
		{9AC4869B-205C-4E64-8E4B-776FD479260D}.Release|x64.Deploy.0 = Release|iPhoneSimulator
		{9AC4869B-205C-4E64-8E4B-776FD479260D}.Release|x86.ActiveCfg = Release|iPhoneSimulator
		{9AC4869B-205C-4E64-8E4B-776FD479260D}.Release|x86.Build.0 = Release|iPhoneSimulator
		{9AC4869B-205C-4E64-8E4B-776FD479260D}.Release|x86.Deploy.0 = Release|iPhoneSimulator
		{3E951BB1-0660-47D0-B810-B32696DE8824}.Debug|Any CPU.ActiveCfg = Debug|Any CPU
		{3E951BB1-0660-47D0-B810-B32696DE8824}.Debug|Any CPU.Build.0 = Debug|Any CPU
		{3E951BB1-0660-47D0-B810-B32696DE8824}.Debug|Any CPU.Deploy.0 = Debug|Any CPU
		{3E951BB1-0660-47D0-B810-B32696DE8824}.Debug|ARM.ActiveCfg = Debug|Any CPU
		{3E951BB1-0660-47D0-B810-B32696DE8824}.Debug|ARM.Build.0 = Debug|Any CPU
		{3E951BB1-0660-47D0-B810-B32696DE8824}.Debug|ARM.Deploy.0 = Debug|Any CPU
		{3E951BB1-0660-47D0-B810-B32696DE8824}.Debug|iPhone.ActiveCfg = Debug|Any CPU
		{3E951BB1-0660-47D0-B810-B32696DE8824}.Debug|iPhone.Build.0 = Debug|Any CPU
		{3E951BB1-0660-47D0-B810-B32696DE8824}.Debug|iPhone.Deploy.0 = Debug|Any CPU
		{3E951BB1-0660-47D0-B810-B32696DE8824}.Debug|iPhoneSimulator.ActiveCfg = Debug|Any CPU
		{3E951BB1-0660-47D0-B810-B32696DE8824}.Debug|iPhoneSimulator.Build.0 = Debug|Any CPU
		{3E951BB1-0660-47D0-B810-B32696DE8824}.Debug|iPhoneSimulator.Deploy.0 = Debug|Any CPU
		{3E951BB1-0660-47D0-B810-B32696DE8824}.Debug|x64.ActiveCfg = Debug|Any CPU
		{3E951BB1-0660-47D0-B810-B32696DE8824}.Debug|x64.Build.0 = Debug|Any CPU
		{3E951BB1-0660-47D0-B810-B32696DE8824}.Debug|x64.Deploy.0 = Debug|Any CPU
		{3E951BB1-0660-47D0-B810-B32696DE8824}.Debug|x86.ActiveCfg = Debug|Any CPU
		{3E951BB1-0660-47D0-B810-B32696DE8824}.Debug|x86.Build.0 = Debug|Any CPU
		{3E951BB1-0660-47D0-B810-B32696DE8824}.Debug|x86.Deploy.0 = Debug|Any CPU
		{3E951BB1-0660-47D0-B810-B32696DE8824}.Release|Any CPU.ActiveCfg = Release|Any CPU
		{3E951BB1-0660-47D0-B810-B32696DE8824}.Release|Any CPU.Build.0 = Release|Any CPU
		{3E951BB1-0660-47D0-B810-B32696DE8824}.Release|Any CPU.Deploy.0 = Release|Any CPU
		{3E951BB1-0660-47D0-B810-B32696DE8824}.Release|ARM.ActiveCfg = Release|Any CPU
		{3E951BB1-0660-47D0-B810-B32696DE8824}.Release|ARM.Build.0 = Release|Any CPU
		{3E951BB1-0660-47D0-B810-B32696DE8824}.Release|ARM.Deploy.0 = Release|Any CPU
		{3E951BB1-0660-47D0-B810-B32696DE8824}.Release|iPhone.ActiveCfg = Release|Any CPU
		{3E951BB1-0660-47D0-B810-B32696DE8824}.Release|iPhone.Build.0 = Release|Any CPU
		{3E951BB1-0660-47D0-B810-B32696DE8824}.Release|iPhone.Deploy.0 = Release|Any CPU
		{3E951BB1-0660-47D0-B810-B32696DE8824}.Release|iPhoneSimulator.ActiveCfg = Release|Any CPU
		{3E951BB1-0660-47D0-B810-B32696DE8824}.Release|iPhoneSimulator.Build.0 = Release|Any CPU
		{3E951BB1-0660-47D0-B810-B32696DE8824}.Release|iPhoneSimulator.Deploy.0 = Release|Any CPU
		{3E951BB1-0660-47D0-B810-B32696DE8824}.Release|x64.ActiveCfg = Release|Any CPU
		{3E951BB1-0660-47D0-B810-B32696DE8824}.Release|x64.Build.0 = Release|Any CPU
		{3E951BB1-0660-47D0-B810-B32696DE8824}.Release|x64.Deploy.0 = Release|Any CPU
		{3E951BB1-0660-47D0-B810-B32696DE8824}.Release|x86.ActiveCfg = Release|Any CPU
		{3E951BB1-0660-47D0-B810-B32696DE8824}.Release|x86.Build.0 = Release|Any CPU
		{3E951BB1-0660-47D0-B810-B32696DE8824}.Release|x86.Deploy.0 = Release|Any CPU
	EndGlobalSection
	GlobalSection(SolutionProperties) = preSolution
		HideSolutionNode = FALSE
	EndGlobalSection
	GlobalSection(ExtensibilityGlobals) = postSolution
		SolutionGuid = {14C7728E-0A4B-43B5-AC51-17446F50E4A4}
	EndGlobalSection
EndGlobal
